// !$*UTF8*$!
{
	archiveVersion = 1;
	classes = {
	};
	objectVersion = 50;
	objects = {

/* Begin PBXBuildFile section */
		1EF2C203274901CB00E89F29 /* AppDelegate.swift in Sources */ = {isa = PBXBuildFile; fileRef = 1EF2C202274901CB00E89F29 /* AppDelegate.swift */; };
		1EF2C205274901CB00E89F29 /* SceneDelegate.swift in Sources */ = {isa = PBXBuildFile; fileRef = 1EF2C204274901CB00E89F29 /* SceneDelegate.swift */; };
		1EF2C20A274901CB00E89F29 /* NewsView.storyboard in Resources */ = {isa = PBXBuildFile; fileRef = 1EF2C208274901CB00E89F29 /* NewsView.storyboard */; };
		1EF2C20D274901CB00E89F29 /* news_matters.xcdatamodeld in Sources */ = {isa = PBXBuildFile; fileRef = 1EF2C20B274901CB00E89F29 /* news_matters.xcdatamodeld */; };
		1EF2C20F274901CC00E89F29 /* Assets.xcassets in Resources */ = {isa = PBXBuildFile; fileRef = 1EF2C20E274901CC00E89F29 /* Assets.xcassets */; };
		1EF2C212274901CC00E89F29 /* LaunchScreen.storyboard in Resources */ = {isa = PBXBuildFile; fileRef = 1EF2C210274901CC00E89F29 /* LaunchScreen.storyboard */; };
		1EF2C21D274901CC00E89F29 /* NewsViewModelTest.swift in Sources */ = {isa = PBXBuildFile; fileRef = 1EF2C21C274901CC00E89F29 /* NewsViewModelTest.swift */; };
		1EF2C228274901CC00E89F29 /* news_mattersUITests.swift in Sources */ = {isa = PBXBuildFile; fileRef = 1EF2C227274901CC00E89F29 /* news_mattersUITests.swift */; };
		1EF2C24927490CC700E89F29 /* NewsView.swift in Sources */ = {isa = PBXBuildFile; fileRef = 1EF2C24827490CC700E89F29 /* NewsView.swift */; };
		1EF2C24E27490DAF00E89F29 /* NewsViewModel.swift in Sources */ = {isa = PBXBuildFile; fileRef = 1EF2C24D27490DAF00E89F29 /* NewsViewModel.swift */; };
		1EF2C25E2749176600E89F29 /* Routable.swift in Sources */ = {isa = PBXBuildFile; fileRef = 1EF2C25D2749176600E89F29 /* Routable.swift */; };
		1EF2C26A27491D0300E89F29 /* NewsDetailView.storyboard in Resources */ = {isa = PBXBuildFile; fileRef = 1EF2C26927491D0300E89F29 /* NewsDetailView.storyboard */; };
		1EF2C26F27491D3100E89F29 /* NewsDetailView.swift in Sources */ = {isa = PBXBuildFile; fileRef = 1EF2C26E27491D3100E89F29 /* NewsDetailView.swift */; };
		1EF2C27727491EFD00E89F29 /* NewsDetailViewModel.swift in Sources */ = {isa = PBXBuildFile; fileRef = 1EF2C27627491EFD00E89F29 /* NewsDetailViewModel.swift */; };
		1EF2C294274930DD00E89F29 /* NewsRepository.swift in Sources */ = {isa = PBXBuildFile; fileRef = 1EF2C293274930DD00E89F29 /* NewsRepository.swift */; };
		1EF2C29A2749316700E89F29 /* NewsRemoteDataSource.swift in Sources */ = {isa = PBXBuildFile; fileRef = 1EF2C2992749316700E89F29 /* NewsRemoteDataSource.swift */; };
		1EF2C2A32749350F00E89F29 /* NewsResponseModel.swift in Sources */ = {isa = PBXBuildFile; fileRef = 1EF2C2A22749350F00E89F29 /* NewsResponseModel.swift */; };
		1EF2C2A9274935B500E89F29 /* NetworkingLayer.swift in Sources */ = {isa = PBXBuildFile; fileRef = 1EF2C2A8274935B500E89F29 /* NetworkingLayer.swift */; };
		1EF2C2BD27494BA800E89F29 /* NewsCell.swift in Sources */ = {isa = PBXBuildFile; fileRef = 1EF2C2BB27494BA800E89F29 /* NewsCell.swift */; };
		1EF2C2BE27494BA800E89F29 /* NewsCell.xib in Resources */ = {isa = PBXBuildFile; fileRef = 1EF2C2BC27494BA800E89F29 /* NewsCell.xib */; };
		1EF2C2CB27495FAB00E89F29 /* Coordinator.swift in Sources */ = {isa = PBXBuildFile; fileRef = 1EF2C2CA27495FAB00E89F29 /* Coordinator.swift */; };
		1EF2C2D327495FCC00E89F29 /* MainCoordinator.swift in Sources */ = {isa = PBXBuildFile; fileRef = 1EF2C2D227495FCC00E89F29 /* MainCoordinator.swift */; };
		1EF2C2D82749621600E89F29 /* UIImageView+Extensions.swift in Sources */ = {isa = PBXBuildFile; fileRef = 1EF2C2D72749621600E89F29 /* UIImageView+Extensions.swift */; };
		1EF2C2E32749633700E89F29 /* UIView+Extensions.swift in Sources */ = {isa = PBXBuildFile; fileRef = 1EF2C2E22749633700E89F29 /* UIView+Extensions.swift */; };
		1EF2C2F427496D6400E89F29 /* NewsRepositoryTests.swift in Sources */ = {isa = PBXBuildFile; fileRef = 1EF2C2F327496D6400E89F29 /* NewsRepositoryTests.swift */; };
		1EF2C304274971D000E89F29 /* NewsRemoteRepositoryTests.swift in Sources */ = {isa = PBXBuildFile; fileRef = 1EF2C303274971D000E89F29 /* NewsRemoteRepositoryTests.swift */; };
/* End PBXBuildFile section */

/* Begin PBXContainerItemProxy section */
		1EF2C219274901CC00E89F29 /* PBXContainerItemProxy */ = {
			isa = PBXContainerItemProxy;
			containerPortal = 1EF2C1F7274901CB00E89F29 /* Project object */;
			proxyType = 1;
			remoteGlobalIDString = 1EF2C1FE274901CB00E89F29;
			remoteInfo = "news matters";
		};
		1EF2C224274901CC00E89F29 /* PBXContainerItemProxy */ = {
			isa = PBXContainerItemProxy;
			containerPortal = 1EF2C1F7274901CB00E89F29 /* Project object */;
			proxyType = 1;
			remoteGlobalIDString = 1EF2C1FE274901CB00E89F29;
			remoteInfo = "news matters";
		};
/* End PBXContainerItemProxy section */

/* Begin PBXFileReference section */
		1EF2C1FF274901CB00E89F29 /* news matters.app */ = {isa = PBXFileReference; explicitFileType = wrapper.application; includeInIndex = 0; path = "news matters.app"; sourceTree = BUILT_PRODUCTS_DIR; };
		1EF2C202274901CB00E89F29 /* AppDelegate.swift */ = {isa = PBXFileReference; lastKnownFileType = sourcecode.swift; path = AppDelegate.swift; sourceTree = "<group>"; };
		1EF2C204274901CB00E89F29 /* SceneDelegate.swift */ = {isa = PBXFileReference; lastKnownFileType = sourcecode.swift; path = SceneDelegate.swift; sourceTree = "<group>"; };
		1EF2C209274901CB00E89F29 /* Base */ = {isa = PBXFileReference; lastKnownFileType = file.storyboard; name = Base; path = Base.lproj/NewsView.storyboard; sourceTree = "<group>"; };
		1EF2C20C274901CB00E89F29 /* news_matters.xcdatamodel */ = {isa = PBXFileReference; lastKnownFileType = wrapper.xcdatamodel; path = news_matters.xcdatamodel; sourceTree = "<group>"; };
		1EF2C20E274901CC00E89F29 /* Assets.xcassets */ = {isa = PBXFileReference; lastKnownFileType = folder.assetcatalog; path = Assets.xcassets; sourceTree = "<group>"; };
		1EF2C211274901CC00E89F29 /* Base */ = {isa = PBXFileReference; lastKnownFileType = file.storyboard; name = Base; path = Base.lproj/LaunchScreen.storyboard; sourceTree = "<group>"; };
		1EF2C213274901CC00E89F29 /* Info.plist */ = {isa = PBXFileReference; lastKnownFileType = text.plist.xml; path = Info.plist; sourceTree = "<group>"; };
		1EF2C218274901CC00E89F29 /* news mattersTests.xctest */ = {isa = PBXFileReference; explicitFileType = wrapper.cfbundle; includeInIndex = 0; path = "news mattersTests.xctest"; sourceTree = BUILT_PRODUCTS_DIR; };
		1EF2C21C274901CC00E89F29 /* NewsViewModelTest.swift */ = {isa = PBXFileReference; lastKnownFileType = sourcecode.swift; path = NewsViewModelTest.swift; sourceTree = "<group>"; };
		1EF2C21E274901CC00E89F29 /* Info.plist */ = {isa = PBXFileReference; lastKnownFileType = text.plist.xml; path = Info.plist; sourceTree = "<group>"; };
		1EF2C223274901CC00E89F29 /* news mattersUITests.xctest */ = {isa = PBXFileReference; explicitFileType = wrapper.cfbundle; includeInIndex = 0; path = "news mattersUITests.xctest"; sourceTree = BUILT_PRODUCTS_DIR; };
		1EF2C227274901CC00E89F29 /* news_mattersUITests.swift */ = {isa = PBXFileReference; lastKnownFileType = sourcecode.swift; path = news_mattersUITests.swift; sourceTree = "<group>"; };
		1EF2C229274901CC00E89F29 /* Info.plist */ = {isa = PBXFileReference; lastKnownFileType = text.plist.xml; path = Info.plist; sourceTree = "<group>"; };
		1EF2C24827490CC700E89F29 /* NewsView.swift */ = {isa = PBXFileReference; lastKnownFileType = sourcecode.swift; path = NewsView.swift; sourceTree = "<group>"; };
		1EF2C24D27490DAF00E89F29 /* NewsViewModel.swift */ = {isa = PBXFileReference; lastKnownFileType = sourcecode.swift; path = NewsViewModel.swift; sourceTree = "<group>"; };
		1EF2C25D2749176600E89F29 /* Routable.swift */ = {isa = PBXFileReference; lastKnownFileType = sourcecode.swift; path = Routable.swift; sourceTree = "<group>"; };
		1EF2C26927491D0300E89F29 /* NewsDetailView.storyboard */ = {isa = PBXFileReference; lastKnownFileType = file.storyboard; path = NewsDetailView.storyboard; sourceTree = "<group>"; };
		1EF2C26E27491D3100E89F29 /* NewsDetailView.swift */ = {isa = PBXFileReference; lastKnownFileType = sourcecode.swift; path = NewsDetailView.swift; sourceTree = "<group>"; };
		1EF2C27627491EFD00E89F29 /* NewsDetailViewModel.swift */ = {isa = PBXFileReference; lastKnownFileType = sourcecode.swift; path = NewsDetailViewModel.swift; sourceTree = "<group>"; };
		1EF2C293274930DD00E89F29 /* NewsRepository.swift */ = {isa = PBXFileReference; lastKnownFileType = sourcecode.swift; path = NewsRepository.swift; sourceTree = "<group>"; };
		1EF2C2992749316700E89F29 /* NewsRemoteDataSource.swift */ = {isa = PBXFileReference; lastKnownFileType = sourcecode.swift; path = NewsRemoteDataSource.swift; sourceTree = "<group>"; };
		1EF2C2A22749350F00E89F29 /* NewsResponseModel.swift */ = {isa = PBXFileReference; lastKnownFileType = sourcecode.swift; path = NewsResponseModel.swift; sourceTree = "<group>"; };
		1EF2C2A8274935B500E89F29 /* NetworkingLayer.swift */ = {isa = PBXFileReference; lastKnownFileType = sourcecode.swift; path = NetworkingLayer.swift; sourceTree = "<group>"; };
		1EF2C2BB27494BA800E89F29 /* NewsCell.swift */ = {isa = PBXFileReference; lastKnownFileType = sourcecode.swift; path = NewsCell.swift; sourceTree = "<group>"; };
		1EF2C2BC27494BA800E89F29 /* NewsCell.xib */ = {isa = PBXFileReference; lastKnownFileType = file.xib; path = NewsCell.xib; sourceTree = "<group>"; };
		1EF2C2CA27495FAB00E89F29 /* Coordinator.swift */ = {isa = PBXFileReference; lastKnownFileType = sourcecode.swift; path = Coordinator.swift; sourceTree = "<group>"; };
		1EF2C2D227495FCC00E89F29 /* MainCoordinator.swift */ = {isa = PBXFileReference; lastKnownFileType = sourcecode.swift; path = MainCoordinator.swift; sourceTree = "<group>"; };
		1EF2C2D72749621600E89F29 /* UIImageView+Extensions.swift */ = {isa = PBXFileReference; lastKnownFileType = sourcecode.swift; path = "UIImageView+Extensions.swift"; sourceTree = "<group>"; };
		1EF2C2E22749633700E89F29 /* UIView+Extensions.swift */ = {isa = PBXFileReference; lastKnownFileType = sourcecode.swift; path = "UIView+Extensions.swift"; sourceTree = "<group>"; };
		1EF2C2F327496D6400E89F29 /* NewsRepositoryTests.swift */ = {isa = PBXFileReference; lastKnownFileType = sourcecode.swift; path = NewsRepositoryTests.swift; sourceTree = "<group>"; };
		1EF2C303274971D000E89F29 /* NewsRemoteRepositoryTests.swift */ = {isa = PBXFileReference; lastKnownFileType = sourcecode.swift; path = NewsRemoteRepositoryTests.swift; sourceTree = "<group>"; };
/* End PBXFileReference section */

/* Begin PBXFrameworksBuildPhase section */
		1EF2C1FC274901CB00E89F29 /* Frameworks */ = {
			isa = PBXFrameworksBuildPhase;
			buildActionMask = 2147483647;
			files = (
			);
			runOnlyForDeploymentPostprocessing = 0;
		};
		1EF2C215274901CC00E89F29 /* Frameworks */ = {
			isa = PBXFrameworksBuildPhase;
			buildActionMask = 2147483647;
			files = (
			);
			runOnlyForDeploymentPostprocessing = 0;
		};
		1EF2C220274901CC00E89F29 /* Frameworks */ = {
			isa = PBXFrameworksBuildPhase;
			buildActionMask = 2147483647;
			files = (
			);
			runOnlyForDeploymentPostprocessing = 0;
		};
/* End PBXFrameworksBuildPhase section */

/* Begin PBXGroup section */
		1EF2C1F6274901CB00E89F29 = {
			isa = PBXGroup;
			children = (
				1EF2C201274901CB00E89F29 /* news matters */,
				1EF2C21B274901CC00E89F29 /* news mattersTests */,
				1EF2C226274901CC00E89F29 /* news mattersUITests */,
				1EF2C200274901CB00E89F29 /* Products */,
			);
			sourceTree = "<group>";
		};
		1EF2C200274901CB00E89F29 /* Products */ = {
			isa = PBXGroup;
			children = (
				1EF2C1FF274901CB00E89F29 /* news matters.app */,
				1EF2C218274901CC00E89F29 /* news mattersTests.xctest */,
				1EF2C223274901CC00E89F29 /* news mattersUITests.xctest */,
			);
			name = Products;
			sourceTree = "<group>";
		};
		1EF2C201274901CB00E89F29 /* news matters */ = {
			isa = PBXGroup;
			children = (
				1EF2C2C527495D0500E89F29 /* Helper */,
				1EF2C2A72749359C00E89F29 /* Networking */,
				1EF2C25C2749173D00E89F29 /* Routing */,
				1EF2C25227490E7700E89F29 /* DataRepository */,
				1EF2C24127490C0A00E89F29 /* Presentation */,
				1EF2C202274901CB00E89F29 /* AppDelegate.swift */,
				1EF2C204274901CB00E89F29 /* SceneDelegate.swift */,
				1EF2C20E274901CC00E89F29 /* Assets.xcassets */,
				1EF2C210274901CC00E89F29 /* LaunchScreen.storyboard */,
				1EF2C213274901CC00E89F29 /* Info.plist */,
				1EF2C20B274901CB00E89F29 /* news_matters.xcdatamodeld */,
			);
			path = "news matters";
			sourceTree = "<group>";
		};
		1EF2C21B274901CC00E89F29 /* news mattersTests */ = {
			isa = PBXGroup;
			children = (
				1EF2C2FC27496F2B00E89F29 /* Repository */,
				1EF2C2F827496E3A00E89F29 /* Presentation */,
				1EF2C21E274901CC00E89F29 /* Info.plist */,
			);
			path = "news mattersTests";
			sourceTree = "<group>";
		};
		1EF2C226274901CC00E89F29 /* news mattersUITests */ = {
			isa = PBXGroup;
			children = (
				1EF2C227274901CC00E89F29 /* news_mattersUITests.swift */,
				1EF2C229274901CC00E89F29 /* Info.plist */,
			);
			path = "news mattersUITests";
			sourceTree = "<group>";
		};
		1EF2C24127490C0A00E89F29 /* Presentation */ = {
			isa = PBXGroup;
			children = (
				1EF2C26827491C7500E89F29 /* NewsDetailView */,
				1EF2C24727490C8200E89F29 /* NewsView */,
			);
			path = Presentation;
			sourceTree = "<group>";
		};
		1EF2C24727490C8200E89F29 /* NewsView */ = {
			isa = PBXGroup;
			children = (
				1EF2C2BA27494B8100E89F29 /* NewsCell */,
				1EF2C208274901CB00E89F29 /* NewsView.storyboard */,
				1EF2C24827490CC700E89F29 /* NewsView.swift */,
				1EF2C24D27490DAF00E89F29 /* NewsViewModel.swift */,
			);
			path = NewsView;
			sourceTree = "<group>";
		};
		1EF2C25227490E7700E89F29 /* DataRepository */ = {
			isa = PBXGroup;
			children = (
				1EF2C2982749313F00E89F29 /* News */,
			);
			path = DataRepository;
			sourceTree = "<group>";
		};
		1EF2C25C2749173D00E89F29 /* Routing */ = {
			isa = PBXGroup;
			children = (
				1EF2C25D2749176600E89F29 /* Routable.swift */,
				1EF2C2CA27495FAB00E89F29 /* Coordinator.swift */,
				1EF2C2D227495FCC00E89F29 /* MainCoordinator.swift */,
			);
			path = Routing;
			sourceTree = "<group>";
		};
		1EF2C26827491C7500E89F29 /* NewsDetailView */ = {
			isa = PBXGroup;
			children = (
				1EF2C26927491D0300E89F29 /* NewsDetailView.storyboard */,
				1EF2C26E27491D3100E89F29 /* NewsDetailView.swift */,
				1EF2C27627491EFD00E89F29 /* NewsDetailViewModel.swift */,
			);
			path = NewsDetailView;
			sourceTree = "<group>";
		};
		1EF2C2982749313F00E89F29 /* News */ = {
			isa = PBXGroup;
			children = (
				1EF2C293274930DD00E89F29 /* NewsRepository.swift */,
				1EF2C2992749316700E89F29 /* NewsRemoteDataSource.swift */,
				1EF2C2A22749350F00E89F29 /* NewsResponseModel.swift */,
			);
			path = News;
			sourceTree = "<group>";
		};
		1EF2C2A72749359C00E89F29 /* Networking */ = {
			isa = PBXGroup;
			children = (
				1EF2C2A8274935B500E89F29 /* NetworkingLayer.swift */,
			);
			path = Networking;
			sourceTree = "<group>";
		};
		1EF2C2BA27494B8100E89F29 /* NewsCell */ = {
			isa = PBXGroup;
			children = (
				1EF2C2BB27494BA800E89F29 /* NewsCell.swift */,
				1EF2C2BC27494BA800E89F29 /* NewsCell.xib */,
			);
			path = NewsCell;
			sourceTree = "<group>";
		};
		1EF2C2C527495D0500E89F29 /* Helper */ = {
			isa = PBXGroup;
			children = (
				1EF2C2D72749621600E89F29 /* UIImageView+Extensions.swift */,
				1EF2C2E22749633700E89F29 /* UIView+Extensions.swift */,
			);
			path = Helper;
			sourceTree = "<group>";
		};
		1EF2C2F827496E3A00E89F29 /* Presentation */ = {
			isa = PBXGroup;
			children = (
				1EF2C21C274901CC00E89F29 /* NewsViewModelTest.swift */,
			);
			path = Presentation;
			sourceTree = "<group>";
		};
		1EF2C2FC27496F2B00E89F29 /* Repository */ = {
			isa = PBXGroup;
			children = (
				1EF2C2F327496D6400E89F29 /* NewsRepositoryTests.swift */,
				1EF2C303274971D000E89F29 /* NewsRemoteRepositoryTests.swift */,
			);
			path = Repository;
			sourceTree = "<group>";
		};
/* End PBXGroup section */

/* Begin PBXNativeTarget section */
		1EF2C1FE274901CB00E89F29 /* news matters */ = {
			isa = PBXNativeTarget;
			buildConfigurationList = 1EF2C22C274901CC00E89F29 /* Build configuration list for PBXNativeTarget "news matters" */;
			buildPhases = (
				1EF2C1FB274901CB00E89F29 /* Sources */,
				1EF2C1FC274901CB00E89F29 /* Frameworks */,
				1EF2C1FD274901CB00E89F29 /* Resources */,
			);
			buildRules = (
			);
			dependencies = (
			);
			name = "news matters";
			productName = "news matters";
			productReference = 1EF2C1FF274901CB00E89F29 /* news matters.app */;
			productType = "com.apple.product-type.application";
		};
		1EF2C217274901CC00E89F29 /* news mattersTests */ = {
			isa = PBXNativeTarget;
			buildConfigurationList = 1EF2C22F274901CC00E89F29 /* Build configuration list for PBXNativeTarget "news mattersTests" */;
			buildPhases = (
				1EF2C214274901CC00E89F29 /* Sources */,
				1EF2C215274901CC00E89F29 /* Frameworks */,
				1EF2C216274901CC00E89F29 /* Resources */,
			);
			buildRules = (
			);
			dependencies = (
				1EF2C21A274901CC00E89F29 /* PBXTargetDependency */,
			);
			name = "news mattersTests";
			productName = "news mattersTests";
			productReference = 1EF2C218274901CC00E89F29 /* news mattersTests.xctest */;
			productType = "com.apple.product-type.bundle.unit-test";
		};
		1EF2C222274901CC00E89F29 /* news mattersUITests */ = {
			isa = PBXNativeTarget;
			buildConfigurationList = 1EF2C232274901CC00E89F29 /* Build configuration list for PBXNativeTarget "news mattersUITests" */;
			buildPhases = (
				1EF2C21F274901CC00E89F29 /* Sources */,
				1EF2C220274901CC00E89F29 /* Frameworks */,
				1EF2C221274901CC00E89F29 /* Resources */,
			);
			buildRules = (
			);
			dependencies = (
				1EF2C225274901CC00E89F29 /* PBXTargetDependency */,
			);
			name = "news mattersUITests";
			productName = "news mattersUITests";
			productReference = 1EF2C223274901CC00E89F29 /* news mattersUITests.xctest */;
			productType = "com.apple.product-type.bundle.ui-testing";
		};
/* End PBXNativeTarget section */

/* Begin PBXProject section */
		1EF2C1F7274901CB00E89F29 /* Project object */ = {
			isa = PBXProject;
			attributes = {
				LastSwiftUpdateCheck = 1240;
				LastUpgradeCheck = 1240;
				TargetAttributes = {
					1EF2C1FE274901CB00E89F29 = {
						CreatedOnToolsVersion = 12.4;
					};
					1EF2C217274901CC00E89F29 = {
						CreatedOnToolsVersion = 12.4;
						TestTargetID = 1EF2C1FE274901CB00E89F29;
					};
					1EF2C222274901CC00E89F29 = {
						CreatedOnToolsVersion = 12.4;
						TestTargetID = 1EF2C1FE274901CB00E89F29;
					};
				};
			};
			buildConfigurationList = 1EF2C1FA274901CB00E89F29 /* Build configuration list for PBXProject "news matters" */;
			compatibilityVersion = "Xcode 9.3";
			developmentRegion = en;
			hasScannedForEncodings = 0;
			knownRegions = (
				en,
				Base,
			);
			mainGroup = 1EF2C1F6274901CB00E89F29;
			productRefGroup = 1EF2C200274901CB00E89F29 /* Products */;
			projectDirPath = "";
			projectRoot = "";
			targets = (
				1EF2C1FE274901CB00E89F29 /* news matters */,
				1EF2C217274901CC00E89F29 /* news mattersTests */,
				1EF2C222274901CC00E89F29 /* news mattersUITests */,
			);
		};
/* End PBXProject section */

/* Begin PBXResourcesBuildPhase section */
		1EF2C1FD274901CB00E89F29 /* Resources */ = {
			isa = PBXResourcesBuildPhase;
			buildActionMask = 2147483647;
			files = (
				1EF2C26A27491D0300E89F29 /* NewsDetailView.storyboard in Resources */,
				1EF2C212274901CC00E89F29 /* LaunchScreen.storyboard in Resources */,
				1EF2C2BE27494BA800E89F29 /* NewsCell.xib in Resources */,
				1EF2C20F274901CC00E89F29 /* Assets.xcassets in Resources */,
				1EF2C20A274901CB00E89F29 /* NewsView.storyboard in Resources */,
			);
			runOnlyForDeploymentPostprocessing = 0;
		};
		1EF2C216274901CC00E89F29 /* Resources */ = {
			isa = PBXResourcesBuildPhase;
			buildActionMask = 2147483647;
			files = (
			);
			runOnlyForDeploymentPostprocessing = 0;
		};
		1EF2C221274901CC00E89F29 /* Resources */ = {
			isa = PBXResourcesBuildPhase;
			buildActionMask = 2147483647;
			files = (
			);
			runOnlyForDeploymentPostprocessing = 0;
		};
/* End PBXResourcesBuildPhase section */

/* Begin PBXSourcesBuildPhase section */
		1EF2C1FB274901CB00E89F29 /* Sources */ = {
			isa = PBXSourcesBuildPhase;
			buildActionMask = 2147483647;
			files = (
				1EF2C27727491EFD00E89F29 /* NewsDetailViewModel.swift in Sources */,
				1EF2C2A9274935B500E89F29 /* NetworkingLayer.swift in Sources */,
				1EF2C29A2749316700E89F29 /* NewsRemoteDataSource.swift in Sources */,
				1EF2C20D274901CB00E89F29 /* news_matters.xcdatamodeld in Sources */,
				1EF2C25E2749176600E89F29 /* Routable.swift in Sources */,
				1EF2C24927490CC700E89F29 /* NewsView.swift in Sources */,
				1EF2C2E32749633700E89F29 /* UIView+Extensions.swift in Sources */,
				1EF2C2CB27495FAB00E89F29 /* Coordinator.swift in Sources */,
				1EF2C26F27491D3100E89F29 /* NewsDetailView.swift in Sources */,
				1EF2C2A32749350F00E89F29 /* NewsResponseModel.swift in Sources */,
				1EF2C24E27490DAF00E89F29 /* NewsViewModel.swift in Sources */,
				1EF2C203274901CB00E89F29 /* AppDelegate.swift in Sources */,
				1EF2C205274901CB00E89F29 /* SceneDelegate.swift in Sources */,
				1EF2C2BD27494BA800E89F29 /* NewsCell.swift in Sources */,
				1EF2C2D327495FCC00E89F29 /* MainCoordinator.swift in Sources */,
				1EF2C2D82749621600E89F29 /* UIImageView+Extensions.swift in Sources */,
				1EF2C294274930DD00E89F29 /* NewsRepository.swift in Sources */,
			);
			runOnlyForDeploymentPostprocessing = 0;
		};
		1EF2C214274901CC00E89F29 /* Sources */ = {
			isa = PBXSourcesBuildPhase;
			buildActionMask = 2147483647;
			files = (
				1EF2C2F427496D6400E89F29 /* NewsRepositoryTests.swift in Sources */,
				1EF2C304274971D000E89F29 /* NewsRemoteRepositoryTests.swift in Sources */,
				1EF2C21D274901CC00E89F29 /* NewsViewModelTest.swift in Sources */,
			);
			runOnlyForDeploymentPostprocessing = 0;
		};
		1EF2C21F274901CC00E89F29 /* Sources */ = {
			isa = PBXSourcesBuildPhase;
			buildActionMask = 2147483647;
			files = (
				1EF2C228274901CC00E89F29 /* news_mattersUITests.swift in Sources */,
			);
			runOnlyForDeploymentPostprocessing = 0;
		};
/* End PBXSourcesBuildPhase section */

/* Begin PBXTargetDependency section */
		1EF2C21A274901CC00E89F29 /* PBXTargetDependency */ = {
			isa = PBXTargetDependency;
			target = 1EF2C1FE274901CB00E89F29 /* news matters */;
			targetProxy = 1EF2C219274901CC00E89F29 /* PBXContainerItemProxy */;
		};
		1EF2C225274901CC00E89F29 /* PBXTargetDependency */ = {
			isa = PBXTargetDependency;
			target = 1EF2C1FE274901CB00E89F29 /* news matters */;
			targetProxy = 1EF2C224274901CC00E89F29 /* PBXContainerItemProxy */;
		};
/* End PBXTargetDependency section */

/* Begin PBXVariantGroup section */
		1EF2C208274901CB00E89F29 /* NewsView.storyboard */ = {
			isa = PBXVariantGroup;
			children = (
				1EF2C209274901CB00E89F29 /* Base */,
			);
			name = NewsView.storyboard;
			sourceTree = "<group>";
		};
		1EF2C210274901CC00E89F29 /* LaunchScreen.storyboard */ = {
			isa = PBXVariantGroup;
			children = (
				1EF2C211274901CC00E89F29 /* Base */,
			);
			name = LaunchScreen.storyboard;
			sourceTree = "<group>";
		};
/* End PBXVariantGroup section */

/* Begin XCBuildConfiguration section */
		1EF2C22A274901CC00E89F29 /* Debug */ = {
			isa = XCBuildConfiguration;
			buildSettings = {
				ALWAYS_SEARCH_USER_PATHS = NO;
				CLANG_ANALYZER_NONNULL = YES;
				CLANG_ANALYZER_NUMBER_OBJECT_CONVERSION = YES_AGGRESSIVE;
				CLANG_CXX_LANGUAGE_STANDARD = "gnu++14";
				CLANG_CXX_LIBRARY = "libc++";
				CLANG_ENABLE_MODULES = YES;
				CLANG_ENABLE_OBJC_ARC = YES;
				CLANG_ENABLE_OBJC_WEAK = YES;
				CLANG_WARN_BLOCK_CAPTURE_AUTORELEASING = YES;
				CLANG_WARN_BOOL_CONVERSION = YES;
				CLANG_WARN_COMMA = YES;
				CLANG_WARN_CONSTANT_CONVERSION = YES;
				CLANG_WARN_DEPRECATED_OBJC_IMPLEMENTATIONS = YES;
				CLANG_WARN_DIRECT_OBJC_ISA_USAGE = YES_ERROR;
				CLANG_WARN_DOCUMENTATION_COMMENTS = YES;
				CLANG_WARN_EMPTY_BODY = YES;
				CLANG_WARN_ENUM_CONVERSION = YES;
				CLANG_WARN_INFINITE_RECURSION = YES;
				CLANG_WARN_INT_CONVERSION = YES;
				CLANG_WARN_NON_LITERAL_NULL_CONVERSION = YES;
				CLANG_WARN_OBJC_IMPLICIT_RETAIN_SELF = YES;
				CLANG_WARN_OBJC_LITERAL_CONVERSION = YES;
				CLANG_WARN_OBJC_ROOT_CLASS = YES_ERROR;
				CLANG_WARN_QUOTED_INCLUDE_IN_FRAMEWORK_HEADER = YES;
				CLANG_WARN_RANGE_LOOP_ANALYSIS = YES;
				CLANG_WARN_STRICT_PROTOTYPES = YES;
				CLANG_WARN_SUSPICIOUS_MOVE = YES;
				CLANG_WARN_UNGUARDED_AVAILABILITY = YES_AGGRESSIVE;
				CLANG_WARN_UNREACHABLE_CODE = YES;
				CLANG_WARN__DUPLICATE_METHOD_MATCH = YES;
				COPY_PHASE_STRIP = NO;
				DEBUG_INFORMATION_FORMAT = dwarf;
				ENABLE_STRICT_OBJC_MSGSEND = YES;
				ENABLE_TESTABILITY = YES;
				GCC_C_LANGUAGE_STANDARD = gnu11;
				GCC_DYNAMIC_NO_PIC = NO;
				GCC_NO_COMMON_BLOCKS = YES;
				GCC_OPTIMIZATION_LEVEL = 0;
				GCC_PREPROCESSOR_DEFINITIONS = (
					"DEBUG=1",
					"$(inherited)",
				);
				GCC_WARN_64_TO_32_BIT_CONVERSION = YES;
				GCC_WARN_ABOUT_RETURN_TYPE = YES_ERROR;
				GCC_WARN_UNDECLARED_SELECTOR = YES;
				GCC_WARN_UNINITIALIZED_AUTOS = YES_AGGRESSIVE;
				GCC_WARN_UNUSED_FUNCTION = YES;
				GCC_WARN_UNUSED_VARIABLE = YES;
				IPHONEOS_DEPLOYMENT_TARGET = 14.4;
				MTL_ENABLE_DEBUG_INFO = INCLUDE_SOURCE;
				MTL_FAST_MATH = YES;
				ONLY_ACTIVE_ARCH = YES;
				SDKROOT = iphoneos;
				SWIFT_ACTIVE_COMPILATION_CONDITIONS = DEBUG;
				SWIFT_OPTIMIZATION_LEVEL = "-Onone";
			};
			name = Debug;
		};
		1EF2C22B274901CC00E89F29 /* Release */ = {
			isa = XCBuildConfiguration;
			buildSettings = {
				ALWAYS_SEARCH_USER_PATHS = NO;
				CLANG_ANALYZER_NONNULL = YES;
				CLANG_ANALYZER_NUMBER_OBJECT_CONVERSION = YES_AGGRESSIVE;
				CLANG_CXX_LANGUAGE_STANDARD = "gnu++14";
				CLANG_CXX_LIBRARY = "libc++";
				CLANG_ENABLE_MODULES = YES;
				CLANG_ENABLE_OBJC_ARC = YES;
				CLANG_ENABLE_OBJC_WEAK = YES;
				CLANG_WARN_BLOCK_CAPTURE_AUTORELEASING = YES;
				CLANG_WARN_BOOL_CONVERSION = YES;
				CLANG_WARN_COMMA = YES;
				CLANG_WARN_CONSTANT_CONVERSION = YES;
				CLANG_WARN_DEPRECATED_OBJC_IMPLEMENTATIONS = YES;
				CLANG_WARN_DIRECT_OBJC_ISA_USAGE = YES_ERROR;
				CLANG_WARN_DOCUMENTATION_COMMENTS = YES;
				CLANG_WARN_EMPTY_BODY = YES;
				CLANG_WARN_ENUM_CONVERSION = YES;
				CLANG_WARN_INFINITE_RECURSION = YES;
				CLANG_WARN_INT_CONVERSION = YES;
				CLANG_WARN_NON_LITERAL_NULL_CONVERSION = YES;
				CLANG_WARN_OBJC_IMPLICIT_RETAIN_SELF = YES;
				CLANG_WARN_OBJC_LITERAL_CONVERSION = YES;
				CLANG_WARN_OBJC_ROOT_CLASS = YES_ERROR;
				CLANG_WARN_QUOTED_INCLUDE_IN_FRAMEWORK_HEADER = YES;
				CLANG_WARN_RANGE_LOOP_ANALYSIS = YES;
				CLANG_WARN_STRICT_PROTOTYPES = YES;
				CLANG_WARN_SUSPICIOUS_MOVE = YES;
				CLANG_WARN_UNGUARDED_AVAILABILITY = YES_AGGRESSIVE;
				CLANG_WARN_UNREACHABLE_CODE = YES;
				CLANG_WARN__DUPLICATE_METHOD_MATCH = YES;
				COPY_PHASE_STRIP = NO;
				DEBUG_INFORMATION_FORMAT = "dwarf-with-dsym";
				ENABLE_NS_ASSERTIONS = NO;
				ENABLE_STRICT_OBJC_MSGSEND = YES;
				GCC_C_LANGUAGE_STANDARD = gnu11;
				GCC_NO_COMMON_BLOCKS = YES;
				GCC_WARN_64_TO_32_BIT_CONVERSION = YES;
				GCC_WARN_ABOUT_RETURN_TYPE = YES_ERROR;
				GCC_WARN_UNDECLARED_SELECTOR = YES;
				GCC_WARN_UNINITIALIZED_AUTOS = YES_AGGRESSIVE;
				GCC_WARN_UNUSED_FUNCTION = YES;
				GCC_WARN_UNUSED_VARIABLE = YES;
				IPHONEOS_DEPLOYMENT_TARGET = 14.4;
				MTL_ENABLE_DEBUG_INFO = NO;
				MTL_FAST_MATH = YES;
				SDKROOT = iphoneos;
				SWIFT_COMPILATION_MODE = wholemodule;
				SWIFT_OPTIMIZATION_LEVEL = "-O";
				VALIDATE_PRODUCT = YES;
			};
			name = Release;
		};
		1EF2C22D274901CC00E89F29 /* Debug */ = {
			isa = XCBuildConfiguration;
			buildSettings = {
				ASSETCATALOG_COMPILER_APPICON_NAME = AppIcon;
				ASSETCATALOG_COMPILER_GLOBAL_ACCENT_COLOR_NAME = AccentColor;
				CODE_SIGN_STYLE = Automatic;
				INFOPLIST_FILE = "news matters/Info.plist";
				LD_RUNPATH_SEARCH_PATHS = (
					"$(inherited)",
					"@executable_path/Frameworks",
				);
				PRODUCT_BUNDLE_IDENTIFIER = "com.newsagency.news-matters";
				PRODUCT_NAME = "$(TARGET_NAME)";
				SWIFT_VERSION = 5.0;
				TARGETED_DEVICE_FAMILY = "1,2";
			};
			name = Debug;
		};
		1EF2C22E274901CC00E89F29 /* Release */ = {
			isa = XCBuildConfiguration;
			buildSettings = {
				ASSETCATALOG_COMPILER_APPICON_NAME = AppIcon;
				ASSETCATALOG_COMPILER_GLOBAL_ACCENT_COLOR_NAME = AccentColor;
				CODE_SIGN_STYLE = Automatic;
				INFOPLIST_FILE = "news matters/Info.plist";
				LD_RUNPATH_SEARCH_PATHS = (
					"$(inherited)",
					"@executable_path/Frameworks",
				);
				PRODUCT_BUNDLE_IDENTIFIER = "com.newsagency.news-matters";
				PRODUCT_NAME = "$(TARGET_NAME)";
				SWIFT_VERSION = 5.0;
				TARGETED_DEVICE_FAMILY = "1,2";
			};
			name = Release;
		};
		1EF2C230274901CC00E89F29 /* Debug */ = {
			isa = XCBuildConfiguration;
			buildSettings = {
				ALWAYS_EMBED_SWIFT_STANDARD_LIBRARIES = YES;
				BUNDLE_LOADER = "$(TEST_HOST)";
				CODE_SIGN_STYLE = Automatic;
				INFOPLIST_FILE = "news mattersTests/Info.plist";
				IPHONEOS_DEPLOYMENT_TARGET = 14.4;
				LD_RUNPATH_SEARCH_PATHS = (
					"$(inherited)",
					"@executable_path/Frameworks",
					"@loader_path/Frameworks",
				);
				PRODUCT_BUNDLE_IDENTIFIER = "com.newsagency.news-mattersTests";
				PRODUCT_NAME = "$(TARGET_NAME)";
				SWIFT_VERSION = 5.0;
				TARGETED_DEVICE_FAMILY = "1,2";
				TEST_HOST = "$(BUILT_PRODUCTS_DIR)/news matters.app/news matters";
			};
			name = Debug;
		};
		1EF2C231274901CC00E89F29 /* Release */ = {
			isa = XCBuildConfiguration;
			buildSettings = {
				ALWAYS_EMBED_SWIFT_STANDARD_LIBRARIES = YES;
				BUNDLE_LOADER = "$(TEST_HOST)";
				CODE_SIGN_STYLE = Automatic;
				INFOPLIST_FILE = "news mattersTests/Info.plist";
				IPHONEOS_DEPLOYMENT_TARGET = 14.4;
				LD_RUNPATH_SEARCH_PATHS = (
					"$(inherited)",
					"@executable_path/Frameworks",
					"@loader_path/Frameworks",
				);
				PRODUCT_BUNDLE_IDENTIFIER = "com.newsagency.news-mattersTests";
				PRODUCT_NAME = "$(TARGET_NAME)";
				SWIFT_VERSION = 5.0;
				TARGETED_DEVICE_FAMILY = "1,2";
				TEST_HOST = "$(BUILT_PRODUCTS_DIR)/news matters.app/news matters";
			};
			name = Release;
		};
		1EF2C233274901CC00E89F29 /* Debug */ = {
			isa = XCBuildConfiguration;
			buildSettings = {
				ALWAYS_EMBED_SWIFT_STANDARD_LIBRARIES = YES;
				CODE_SIGN_STYLE = Automatic;
				INFOPLIST_FILE = "news mattersUITests/Info.plist";
				LD_RUNPATH_SEARCH_PATHS = (
					"$(inherited)",
					"@executable_path/Frameworks",
					"@loader_path/Frameworks",
				);
				PRODUCT_BUNDLE_IDENTIFIER = "com.newsagency.news-mattersUITests";
				PRODUCT_NAME = "$(TARGET_NAME)";
				SWIFT_VERSION = 5.0;
				TARGETED_DEVICE_FAMILY = "1,2";
				TEST_TARGET_NAME = "news matters";
			};
			name = Debug;
		};
		1EF2C234274901CC00E89F29 /* Release */ = {
			isa = XCBuildConfiguration;
			buildSettings = {
				ALWAYS_EMBED_SWIFT_STANDARD_LIBRARIES = YES;
				CODE_SIGN_STYLE = Automatic;
				INFOPLIST_FILE = "news mattersUITests/Info.plist";
				LD_RUNPATH_SEARCH_PATHS = (
					"$(inherited)",
					"@executable_path/Frameworks",
					"@loader_path/Frameworks",
				);
				PRODUCT_BUNDLE_IDENTIFIER = "com.newsagency.news-mattersUITests";
				PRODUCT_NAME = "$(TARGET_NAME)";
				SWIFT_VERSION = 5.0;
				TARGETED_DEVICE_FAMILY = "1,2";
				TEST_TARGET_NAME = "news matters";
			};
			name = Release;
		};
/* End XCBuildConfiguration section */

/* Begin XCConfigurationList section */
		1EF2C1FA274901CB00E89F29 /* Build configuration list for PBXProject "news matters" */ = {
			isa = XCConfigurationList;
			buildConfigurations = (
				1EF2C22A274901CC00E89F29 /* Debug */,
				1EF2C22B274901CC00E89F29 /* Release */,
			);
			defaultConfigurationIsVisible = 0;
			defaultConfigurationName = Release;
		};
		1EF2C22C274901CC00E89F29 /* Build configuration list for PBXNativeTarget "news matters" */ = {
			isa = XCConfigurationList;
			buildConfigurations = (
				1EF2C22D274901CC00E89F29 /* Debug */,
				1EF2C22E274901CC00E89F29 /* Release */,
			);
			defaultConfigurationIsVisible = 0;
			defaultConfigurationName = Release;
		};
		1EF2C22F274901CC00E89F29 /* Build configuration list for PBXNativeTarget "news mattersTests" */ = {
			isa = XCConfigurationList;
			buildConfigurations = (
				1EF2C230274901CC00E89F29 /* Debug */,
				1EF2C231274901CC00E89F29 /* Release */,
			);
			defaultConfigurationIsVisible = 0;
			defaultConfigurationName = Release;
		};
		1EF2C232274901CC00E89F29 /* Build configuration list for PBXNativeTarget "news mattersUITests" */ = {
			isa = XCConfigurationList;
			buildConfigurations = (
				1EF2C233274901CC00E89F29 /* Debug */,
				1EF2C234274901CC00E89F29 /* Release */,
			);
			defaultConfigurationIsVisible = 0;
			defaultConfigurationName = Release;
		};
/* End XCConfigurationList section */

/* Begin XCVersionGroup section */
		1EF2C20B274901CB00E89F29 /* news_matters.xcdatamodeld */ = {
			isa = XCVersionGroup;
			children = (
				1EF2C20C274901CB00E89F29 /* news_matters.xcdatamodel */,
			);
			currentVersion = 1EF2C20C274901CB00E89F29 /* news_matters.xcdatamodel */;
			path = news_matters.xcdatamodeld;
			sourceTree = "<group>";
			versionGroupType = wrapper.xcdatamodel;
		};
/* End XCVersionGroup section */
	};
	rootObject = 1EF2C1F7274901CB00E89F29 /* Project object */;
}
